{
  "name": "weiqi-serve",
  "version": "1.0.0",
  "lockfileVersion": 1,
  "requires": true,
  "dependencies": {
    "@types/node": {
      "version": "14.0.27",
      "resolved": "https://registry.npm.taobao.org/@types/node/download/@types/node-14.0.27.tgz?cache=0&sync_timestamp=1596839331424&other_urls=https%3A%2F%2Fregistry.npm.taobao.org%2F%40types%2Fnode%2Fdownload%2F%40types%2Fnode-14.0.27.tgz",
      "integrity": "sha1-oVGHOvWl6FG1GzsGXJ5jOQqeDrE="
    },
    "@types/websocket": {
      "version": "1.0.1",
      "resolved": "https://registry.npm.taobao.org/@types/websocket/download/@types/websocket-1.0.1.tgz",
      "integrity": "sha1-A5JywZbCwOSGig2KGie7uG6ekTg=",
      "requires": {
        "@types/node": "*"
      }
    },
    "@types/ws": {
      "version": "7.2.6",
      "resolved": "https://registry.npm.taobao.org/@types/ws/download/@types/ws-7.2.6.tgz",
      "integrity": "sha1-UWy/uBgxD4e0OUBGDgZeuRKkF40=",
      "requires": {
        "@types/node": "*"
      }
    },
    "ws": {
      "version": "7.3.1",
      "resolved": "https://registry.npm.taobao.org/ws/download/ws-7.3.1.tgz",
      "integrity": "sha1-0FR79n985PEqct/jEmLGjX3FUcg="
    }
  }
}
